
Microsoft Visual Studio Solution File, Format Version 12.00
# Visual Studio Version 16
VisualStudioVersion = 16.0.29728.190
MinimumVisualStudioVersion = 10.0.40219.1
Project("{FAE04EC0-301F-11D3-BF4B-00C04F79EFBC}") = "CucumberAMBatch", "CucumberAMBatch\CucumberAMBatch.csproj", "{1DE7BC76-FC40-409C-982F-21DFD372971A}"
EndProject
Global
	GlobalSection(SolutionConfigurationPlatforms) = preSolution
		Debug|Any CPU = Debug|Any CPU
		Release|Any CPU = Release|Any CPU
	EndGlobalSection
	GlobalSection(ProjectConfigurationPlatforms) = postSolution
		{1DE7BC76-FC40-409C-982F-21DFD372971A}.Debug|Any CPU.ActiveCfg = Debug|Any CPU
		{1DE7BC76-FC40-409C-982F-21DFD372971A}.Debug|Any CPU.Build.0 = Debug|Any CPU
		{1DE7BC76-FC40-409C-982F-21DFD372971A}.Release|Any CPU.ActiveCfg = Release|Any CPU
		{1DE7BC76-FC40-409C-982F-21DFD372971A}.Release|Any CPU.Build.0 = Release|Any CPU
	EndGlobalSection
	GlobalSection(SolutionProperties) = preSolution
		HideSolutionNode = FALSE
	EndGlobalSection
	GlobalSection(ExtensibilityGlobals) = postSolution
		SolutionGuid = {683702E1-BF11-40BA-A1F2-4F7DD89AF5F6}
	EndGlobalSection
EndGlobal
